{
  "object": {
    "pins": [
      {
        "package": "Segment",
        "repositoryURL": "https://github.com/segmentio/analytics-swift",
        "state": {
          "branch": null,
          "revision": "51f56b972de8daee251f18fd2c91fa3a33c8d77e",
          "version": "1.5.2"
        }
      },
      {
        "package": "JSONSafeEncoder",
        "repositoryURL": "https://github.com/segmentio/jsonsafeencoder-swift.git",
        "state": {
          "branch": null,
          "revision": "8b70dc8c01b7b041912e30e29d2b488a43f782ac",
          "version": "1.0.1"
        }
      },
      {
        "package": "Sovran",
        "repositoryURL": "https://github.com/segmentio/Sovran-Swift.git",
        "state": {
          "branch": null,
          "revision": "64f3b5150c282a34af4578188dce2fd597e600e3",
          "version": "1.1.0"
        }
      }
    ]
  },
  "version": 1
}
